
Microsoft Visual Studio Solution File, Format Version 12.00
# Visual Studio 15
Project("{FAE04EC0-301F-11D3-BF4B-00C04F79EFBC}") = "kspHatch", "kspHatch\kspHatch.csproj", "{03ADBF52-EFA6-4637-B444-435B7CAF6ADE}"
EndProject
Global
	GlobalSection(SolutionConfigurationPlatforms) = preSolution
		Debug|Any CPU = Debug|Any CPU
		Release|Any CPU = Release|Any CPU
	EndGlobalSection
	GlobalSection(ProjectConfigurationPlatforms) = postSolution
		{03ADBF52-EFA6-4637-B444-435B7CAF6ADE}.Debug|Any CPU.ActiveCfg = Debug|Any CPU
		{03ADBF52-EFA6-4637-B444-435B7CAF6ADE}.Debug|Any CPU.Build.0 = Debug|Any CPU
		{03ADBF52-EFA6-4637-B444-435B7CAF6ADE}.Release|Any CPU.ActiveCfg = Release|Any CPU
		{03ADBF52-EFA6-4637-B444-435B7CAF6ADE}.Release|Any CPU.Build.0 = Release|Any CPU
	EndGlobalSection
EndGlobal
